<?xml version="1.0" encoding="utf-8"?>
<Project ToolsVersion="17.0" xmlns="http://schemas.microsoft.com/developer/msbuild/2003">
  <ItemGroup>
    <ClCompile Include="F:\VSProject\AFcPPe\FSD-SKYline\fsd\authenticate.c">
      <Filter>Source Files</Filter>
    </ClCompile>
    <ClCompile Include="F:\VSProject\AFcPPe\FSD-SKYline\fsd\certificate.cpp">
      <Filter>Source Files</Filter>
    </ClCompile>
    <ClCompile Include="F:\VSProject\AFcPPe\FSD-SKYline\fsd\client.cpp">
      <Filter>Source Files</Filter>
    </ClCompile>
    <ClCompile Include="F:\VSProject\AFcPPe\FSD-SKYline\fsd\clinterface.cpp">
      <Filter>Source Files</Filter>
    </ClCompile>
    <ClCompile Include="F:\VSProject\AFcPPe\FSD-SKYline\fsd\cluser.cpp">
      <Filter>Source Files</Filter>
    </ClCompile>
    <ClCompile Include="F:\VSProject\AFcPPe\FSD-SKYline\fsd\config.cpp">
      <Filter>Source Files</Filter>
    </ClCompile>
    <ClCompile Include="F:\VSProject\AFcPPe\FSD-SKYline\fsd\fsd.cpp">
      <Filter>Source Files</Filter>
    </ClCompile>
    <ClCompile Include="F:\VSProject\AFcPPe\FSD-SKYline\fsd\interface.cpp">
      <Filter>Source Files</Filter>
    </ClCompile>
    <ClCompile Include="F:\VSProject\AFcPPe\FSD-SKYline\fsd\main.cpp">
      <Filter>Source Files</Filter>
    </ClCompile>
    <ClCompile Include="F:\VSProject\AFcPPe\FSD-SKYline\fsd\manage.cpp">
      <Filter>Source Files</Filter>
    </ClCompile>
    <ClCompile Include="F:\VSProject\AFcPPe\FSD-SKYline\fsd\mm.cpp">
      <Filter>Source Files</Filter>
    </ClCompile>
    <ClCompile Include="F:\VSProject\AFcPPe\FSD-SKYline\fsd\process.cpp">
      <Filter>Source Files</Filter>
    </ClCompile>
    <ClCompile Include="F:\VSProject\AFcPPe\FSD-SKYline\fsd\server.cpp">
      <Filter>Source Files</Filter>
    </ClCompile>
    <ClCompile Include="F:\VSProject\AFcPPe\FSD-SKYline\fsd\servinterface.cpp">
      <Filter>Source Files</Filter>
    </ClCompile>
    <ClCompile Include="F:\VSProject\AFcPPe\FSD-SKYline\fsd\servuser.cpp">
      <Filter>Source Files</Filter>
    </ClCompile>
    <ClCompile Include="F:\VSProject\AFcPPe\FSD-SKYline\fsd\support.cpp">
      <Filter>Source Files</Filter>
    </ClCompile>
    <ClCompile Include="F:\VSProject\AFcPPe\FSD-SKYline\fsd\sysinterface.cpp">
      <Filter>Source Files</Filter>
    </ClCompile>
    <ClCompile Include="F:\VSProject\AFcPPe\FSD-SKYline\fsd\sysuser.cpp">
      <Filter>Source Files</Filter>
    </ClCompile>
    <ClCompile Include="F:\VSProject\AFcPPe\FSD-SKYline\fsd\user.cpp">
      <Filter>Source Files</Filter>
    </ClCompile>
    <ClCompile Include="F:\VSProject\AFcPPe\FSD-SKYline\fsd\wprofile.cpp">
      <Filter>Source Files</Filter>
    </ClCompile>
  </ItemGroup>
  <ItemGroup>
    <ClInclude Include="F:\VSProject\AFcPPe\FSD-SKYline\fsd\attributes.h">
      <Filter>Header Files</Filter>
    </ClInclude>
    <ClInclude Include="F:\VSProject\AFcPPe\FSD-SKYline\fsd\authenticate.h">
      <Filter>Header Files</Filter>
    </ClInclude>
    <ClInclude Include="F:\VSProject\AFcPPe\FSD-SKYline\fsd\certificate.h">
      <Filter>Header Files</Filter>
    </ClInclude>
    <ClInclude Include="F:\VSProject\AFcPPe\FSD-SKYline\fsd\client.h">
      <Filter>Header Files</Filter>
    </ClInclude>
    <ClInclude Include="F:\VSProject\AFcPPe\FSD-SKYline\fsd\clinterface.h">
      <Filter>Header Files</Filter>
    </ClInclude>
    <ClInclude Include="F:\VSProject\AFcPPe\FSD-SKYline\fsd\cluser.h">
      <Filter>Header Files</Filter>
    </ClInclude>
    <ClInclude Include="F:\VSProject\AFcPPe\FSD-SKYline\fsd\config.h">
      <Filter>Header Files</Filter>
    </ClInclude>
    <ClInclude Include="F:\VSProject\AFcPPe\FSD-SKYline\fsd\fsd.h">
      <Filter>Header Files</Filter>
    </ClInclude>
    <ClInclude Include="F:\VSProject\AFcPPe\FSD-SKYline\fsd\fsdpaths.h">
      <Filter>Header Files</Filter>
    </ClInclude>
    <ClInclude Include="F:\VSProject\AFcPPe\FSD-SKYline\fsd\global.h">
      <Filter>Header Files</Filter>
    </ClInclude>
    <ClInclude Include="F:\VSProject\AFcPPe\FSD-SKYline\fsd\interface.h">
      <Filter>Header Files</Filter>
    </ClInclude>
    <ClInclude Include="F:\VSProject\AFcPPe\FSD-SKYline\fsd\manage.h">
      <Filter>Header Files</Filter>
    </ClInclude>
    <ClInclude Include="F:\VSProject\AFcPPe\FSD-SKYline\fsd\mm.h">
      <Filter>Header Files</Filter>
    </ClInclude>
    <ClInclude Include="F:\VSProject\AFcPPe\FSD-SKYline\fsd\process.h">
      <Filter>Header Files</Filter>
    </ClInclude>
    <ClInclude Include="F:\VSProject\AFcPPe\FSD-SKYline\fsd\protocol.h">
      <Filter>Header Files</Filter>
    </ClInclude>
    <ClInclude Include="F:\VSProject\AFcPPe\FSD-SKYline\fsd\server.h">
      <Filter>Header Files</Filter>
    </ClInclude>
    <ClInclude Include="F:\VSProject\AFcPPe\FSD-SKYline\fsd\servinterface.h">
      <Filter>Header Files</Filter>
    </ClInclude>
    <ClInclude Include="F:\VSProject\AFcPPe\FSD-SKYline\fsd\servuser.h">
      <Filter>Header Files</Filter>
    </ClInclude>
    <ClInclude Include="F:\VSProject\AFcPPe\FSD-SKYline\fsd\support.h">
      <Filter>Header Files</Filter>
    </ClInclude>
    <ClInclude Include="F:\VSProject\AFcPPe\FSD-SKYline\fsd\sysinterface.h">
      <Filter>Header Files</Filter>
    </ClInclude>
    <ClInclude Include="F:\VSProject\AFcPPe\FSD-SKYline\fsd\sysuser.h">
      <Filter>Header Files</Filter>
    </ClInclude>
    <ClInclude Include="F:\VSProject\AFcPPe\FSD-SKYline\fsd\user.h">
      <Filter>Header Files</Filter>
    </ClInclude>
    <ClInclude Include="F:\VSProject\AFcPPe\FSD-SKYline\fsd\wprofile.h">
      <Filter>Header Files</Filter>
    </ClInclude>
  </ItemGroup>
  <ItemGroup>
    <CustomBuild Include="F:\VSProject\AFcPPe\FSD-SKYline\CMakeLists.txt" />
  </ItemGroup>
  <ItemGroup>
    <Filter Include="Header Files">
      <UniqueIdentifier>{599A320C-98EF-3113-8D80-991D464D0052}</UniqueIdentifier>
    </Filter>
    <Filter Include="Source Files">
      <UniqueIdentifier>{E926B9B4-6B99-36C9-814B-90F80A3E673F}</UniqueIdentifier>
    </Filter>
  </ItemGroup>
</Project>
