
Microsoft Visual Studio Solution File, Format Version 12.00
# Visual Studio Version 17
Project("{8BC9CEB8-8B4A-11D0-8D11-00A0C91BC942}") = "ALL_BUILD", "ALL_BUILD.vcxproj", "{074E9940-42D8-3742-95A9-B2793AC93E9D}"
	ProjectSection(ProjectDependencies) = postProject
		{EF30B9AB-F01F-31CA-903B-BF0F57F454BC} = {EF30B9AB-F01F-31CA-903B-BF0F57F454BC}
		{B3A72F32-D7DF-3CB6-974F-67ECAF07EE39} = {B3A72F32-D7DF-3CB6-974F-67ECAF07EE39}
	EndProjectSection
EndProject
Project("{8BC9CEB8-8B4A-11D0-8D11-00A0C91BC942}") = "ZERO_CHECK", "ZERO_CHECK.vcxproj", "{EF30B9AB-F01F-31CA-903B-BF0F57F454BC}"
	ProjectSection(ProjectDependencies) = postProject
	EndProjectSection
EndProject
Project("{8BC9CEB8-8B4A-11D0-8D11-00A0C91BC942}") = "fsd", "fsd.vcxproj", "{B3A72F32-D7DF-3CB6-974F-67ECAF07EE39}"
	ProjectSection(ProjectDependencies) = postProject
		{EF30B9AB-F01F-31CA-903B-BF0F57F454BC} = {EF30B9AB-F01F-31CA-903B-BF0F57F454BC}
	EndProjectSection
EndProject
Global
	GlobalSection(SolutionConfigurationPlatforms) = preSolution
		Debug|x64 = Debug|x64
		Release|x64 = Release|x64
		MinSizeRel|x64 = MinSizeRel|x64
		RelWithDebInfo|x64 = RelWithDebInfo|x64
	EndGlobalSection
	GlobalSection(ProjectConfigurationPlatforms) = postSolution
		{074E9940-42D8-3742-95A9-B2793AC93E9D}.Debug|x64.ActiveCfg = Debug|x64
		{074E9940-42D8-3742-95A9-B2793AC93E9D}.Release|x64.ActiveCfg = Release|x64
		{074E9940-42D8-3742-95A9-B2793AC93E9D}.MinSizeRel|x64.ActiveCfg = MinSizeRel|x64
		{074E9940-42D8-3742-95A9-B2793AC93E9D}.RelWithDebInfo|x64.ActiveCfg = RelWithDebInfo|x64
		{EF30B9AB-F01F-31CA-903B-BF0F57F454BC}.Debug|x64.ActiveCfg = Debug|x64
		{EF30B9AB-F01F-31CA-903B-BF0F57F454BC}.Debug|x64.Build.0 = Debug|x64
		{EF30B9AB-F01F-31CA-903B-BF0F57F454BC}.Release|x64.ActiveCfg = Release|x64
		{EF30B9AB-F01F-31CA-903B-BF0F57F454BC}.Release|x64.Build.0 = Release|x64
		{EF30B9AB-F01F-31CA-903B-BF0F57F454BC}.MinSizeRel|x64.ActiveCfg = MinSizeRel|x64
		{EF30B9AB-F01F-31CA-903B-BF0F57F454BC}.MinSizeRel|x64.Build.0 = MinSizeRel|x64
		{EF30B9AB-F01F-31CA-903B-BF0F57F454BC}.RelWithDebInfo|x64.ActiveCfg = RelWithDebInfo|x64
		{EF30B9AB-F01F-31CA-903B-BF0F57F454BC}.RelWithDebInfo|x64.Build.0 = RelWithDebInfo|x64
		{B3A72F32-D7DF-3CB6-974F-67ECAF07EE39}.Debug|x64.ActiveCfg = Debug|x64
		{B3A72F32-D7DF-3CB6-974F-67ECAF07EE39}.Debug|x64.Build.0 = Debug|x64
		{B3A72F32-D7DF-3CB6-974F-67ECAF07EE39}.Release|x64.ActiveCfg = Release|x64
		{B3A72F32-D7DF-3CB6-974F-67ECAF07EE39}.Release|x64.Build.0 = Release|x64
		{B3A72F32-D7DF-3CB6-974F-67ECAF07EE39}.MinSizeRel|x64.ActiveCfg = MinSizeRel|x64
		{B3A72F32-D7DF-3CB6-974F-67ECAF07EE39}.MinSizeRel|x64.Build.0 = MinSizeRel|x64
		{B3A72F32-D7DF-3CB6-974F-67ECAF07EE39}.RelWithDebInfo|x64.ActiveCfg = RelWithDebInfo|x64
		{B3A72F32-D7DF-3CB6-974F-67ECAF07EE39}.RelWithDebInfo|x64.Build.0 = RelWithDebInfo|x64
	EndGlobalSection
	GlobalSection(ExtensibilityGlobals) = postSolution
		SolutionGuid = {7C402FF8-9D51-3857-AF65-4E2758523D57}
	EndGlobalSection
	GlobalSection(ExtensibilityAddIns) = postSolution
	EndGlobalSection
EndGlobal
