<?xml version="1.0" encoding="utf-8"?>
<Project ToolsVersion="17.0" xmlns="http://schemas.microsoft.com/developer/msbuild/2003">
  <ItemGroup>
    <CustomBuild Include="F:\VSProject\AFcPPe\FSD-SKYline\CMakeFiles\e4a5e4a115fcd5c4f22e9738f01cddb0\generate.stamp.rule">
      <Filter>CMake Rules</Filter>
    </CustomBuild>
  </ItemGroup>
  <ItemGroup>
    <Filter Include="CMake Rules">
      <UniqueIdentifier>{EAFF050B-C02E-301F-9477-E86930011EE6}</UniqueIdentifier>
    </Filter>
  </ItemGroup>
</Project>
